// !$*UTF8*$!
{
	archiveVersion = 1;
	classes = {
	};
	objectVersion = 56;
	objects = {

/* Begin PBXBuildFile section */
		6331F3ED29361F53004F879E /* FavoritesScrollView.swift in Sources */ = {isa = PBXBuildFile; fileRef = 6331F3EC29361F53004F879E /* FavoritesScrollView.swift */; };
		6331F3EF29362000004F879E /* CircleImage.swift in Sources */ = {isa = PBXBuildFile; fileRef = 6331F3EE29362000004F879E /* CircleImage.swift */; };
		6331F3F1293620F0004F879E /* FruitMarkTabView.swift in Sources */ = {isa = PBXBuildFile; fileRef = 6331F3F0293620F0004F879E /* FruitMarkTabView.swift */; };
		6331F3F429362169004F879E /* HomeView.swift in Sources */ = {isa = PBXBuildFile; fileRef = 6331F3F329362169004F879E /* HomeView.swift */; };
		6331F3F729362322004F879E /* FruitsData.json in Resources */ = {isa = PBXBuildFile; fileRef = 6331F3F629362322004F879E /* FruitsData.json */; };
		6331F3FA29362341004F879E /* Fruits.swift in Sources */ = {isa = PBXBuildFile; fileRef = 6331F3F929362341004F879E /* Fruits.swift */; };
		6331F3FC29362452004F879E /* ModelData.swift in Sources */ = {isa = PBXBuildFile; fileRef = 6331F3FB29362452004F879E /* ModelData.swift */; };
		6331F40029362A37004F879E /* FruitsRow.swift in Sources */ = {isa = PBXBuildFile; fileRef = 6331F3FF29362A37004F879E /* FruitsRow.swift */; };
		6331F4032936313F004F879E /* MyPageView.swift in Sources */ = {isa = PBXBuildFile; fileRef = 6331F4022936313F004F879E /* MyPageView.swift */; };
		635E59E6292CFD3D0015FB09 /* _0221115_homwork_FruitMarketApp.swift in Sources */ = {isa = PBXBuildFile; fileRef = 635E59E5292CFD3D0015FB09 /* _0221115_homwork_FruitMarketApp.swift */; };
		635E59E8292CFD3D0015FB09 /* ContentView.swift in Sources */ = {isa = PBXBuildFile; fileRef = 635E59E7292CFD3D0015FB09 /* ContentView.swift */; };
		635E59EA292CFD3E0015FB09 /* Assets.xcassets in Resources */ = {isa = PBXBuildFile; fileRef = 635E59E9292CFD3E0015FB09 /* Assets.xcassets */; };
		635E59ED292CFD3E0015FB09 /* Preview Assets.xcassets in Resources */ = {isa = PBXBuildFile; fileRef = 635E59EC292CFD3E0015FB09 /* Preview Assets.xcassets */; };
/* End PBXBuildFile section */

/* Begin PBXFileReference section */
		6331F3EC29361F53004F879E /* FavoritesScrollView.swift */ = {isa = PBXFileReference; lastKnownFileType = sourcecode.swift; path = FavoritesScrollView.swift; sourceTree = "<group>"; };
		6331F3EE29362000004F879E /* CircleImage.swift */ = {isa = PBXFileReference; lastKnownFileType = sourcecode.swift; path = CircleImage.swift; sourceTree = "<group>"; };
		6331F3F0293620F0004F879E /* FruitMarkTabView.swift */ = {isa = PBXFileReference; lastKnownFileType = sourcecode.swift; path = FruitMarkTabView.swift; sourceTree = "<group>"; };
		6331F3F329362169004F879E /* HomeView.swift */ = {isa = PBXFileReference; lastKnownFileType = sourcecode.swift; path = HomeView.swift; sourceTree = "<group>"; };
		6331F3F629362322004F879E /* FruitsData.json */ = {isa = PBXFileReference; lastKnownFileType = text.json; path = FruitsData.json; sourceTree = "<group>"; };
		6331F3F929362341004F879E /* Fruits.swift */ = {isa = PBXFileReference; lastKnownFileType = sourcecode.swift; path = Fruits.swift; sourceTree = "<group>"; };
		6331F3FB29362452004F879E /* ModelData.swift */ = {isa = PBXFileReference; lastKnownFileType = sourcecode.swift; path = ModelData.swift; sourceTree = "<group>"; };
		6331F3FF29362A37004F879E /* FruitsRow.swift */ = {isa = PBXFileReference; lastKnownFileType = sourcecode.swift; path = FruitsRow.swift; sourceTree = "<group>"; };
		6331F4022936313F004F879E /* MyPageView.swift */ = {isa = PBXFileReference; lastKnownFileType = sourcecode.swift; path = MyPageView.swift; sourceTree = "<group>"; };
		635E59E2292CFD3D0015FB09 /* 20221115_homwork_FruitMarket.app */ = {isa = PBXFileReference; explicitFileType = wrapper.application; includeInIndex = 0; path = 20221115_homwork_FruitMarket.app; sourceTree = BUILT_PRODUCTS_DIR; };
		635E59E5292CFD3D0015FB09 /* _0221115_homwork_FruitMarketApp.swift */ = {isa = PBXFileReference; lastKnownFileType = sourcecode.swift; path = _0221115_homwork_FruitMarketApp.swift; sourceTree = "<group>"; };
		635E59E7292CFD3D0015FB09 /* ContentView.swift */ = {isa = PBXFileReference; lastKnownFileType = sourcecode.swift; path = ContentView.swift; sourceTree = "<group>"; };
		635E59E9292CFD3E0015FB09 /* Assets.xcassets */ = {isa = PBXFileReference; lastKnownFileType = folder.assetcatalog; path = Assets.xcassets; sourceTree = "<group>"; };
		635E59EC292CFD3E0015FB09 /* Preview Assets.xcassets */ = {isa = PBXFileReference; lastKnownFileType = folder.assetcatalog; path = "Preview Assets.xcassets"; sourceTree = "<group>"; };
/* End PBXFileReference section */

/* Begin PBXFrameworksBuildPhase section */
		635E59DF292CFD3D0015FB09 /* Frameworks */ = {
			isa = PBXFrameworksBuildPhase;
			buildActionMask = 2147483647;
			files = (
			);
			runOnlyForDeploymentPostprocessing = 0;
		};
/* End PBXFrameworksBuildPhase section */

/* Begin PBXGroup section */
		6331F3EA29361F2F004F879E /* Views */ = {
			isa = PBXGroup;
			children = (
				635E59E7292CFD3D0015FB09 /* ContentView.swift */,
				6331F3F0293620F0004F879E /* FruitMarkTabView.swift */,
				6331F3F22936215D004F879E /* Home */,
				6331F4012936311A004F879E /* MyPage */,
			);
			path = Views;
			sourceTree = "<group>";
		};
		6331F3EB29361F3D004F879E /* Components */ = {
			isa = PBXGroup;
			children = (
				6331F3EC29361F53004F879E /* FavoritesScrollView.swift */,
				6331F3EE29362000004F879E /* CircleImage.swift */,
				6331F3FF29362A37004F879E /* FruitsRow.swift */,
			);
			path = Components;
			sourceTree = "<group>";
		};
		6331F3F22936215D004F879E /* Home */ = {
			isa = PBXGroup;
			children = (
				6331F3F329362169004F879E /* HomeView.swift */,
				6331F3EB29361F3D004F879E /* Components */,
			);
			path = Home;
			sourceTree = "<group>";
		};
		6331F3F5293622FA004F879E /* Resources */ = {
			isa = PBXGroup;
			children = (
				6331F3F629362322004F879E /* FruitsData.json */,
			);
			path = Resources;
			sourceTree = "<group>";
		};
		6331F3F82936232F004F879E /* Models */ = {
			isa = PBXGroup;
			children = (
				6331F3F929362341004F879E /* Fruits.swift */,
				6331F3FB29362452004F879E /* ModelData.swift */,
			);
			path = Models;
			sourceTree = "<group>";
		};
		6331F4012936311A004F879E /* MyPage */ = {
			isa = PBXGroup;
			children = (
				6331F4022936313F004F879E /* MyPageView.swift */,
			);
			path = MyPage;
			sourceTree = "<group>";
		};
		635E59D9292CFD3D0015FB09 = {
			isa = PBXGroup;
			children = (
				635E59E4292CFD3D0015FB09 /* 20221115_homwork_FruitMarket */,
				635E59E3292CFD3D0015FB09 /* Products */,
			);
			sourceTree = "<group>";
		};
		635E59E3292CFD3D0015FB09 /* Products */ = {
			isa = PBXGroup;
			children = (
				635E59E2292CFD3D0015FB09 /* 20221115_homwork_FruitMarket.app */,
			);
			name = Products;
			sourceTree = "<group>";
		};
		635E59E4292CFD3D0015FB09 /* 20221115_homwork_FruitMarket */ = {
			isa = PBXGroup;
			children = (
				6331F3F5293622FA004F879E /* Resources */,
				6331F3F82936232F004F879E /* Models */,
				635E59E5292CFD3D0015FB09 /* _0221115_homwork_FruitMarketApp.swift */,
				6331F3EA29361F2F004F879E /* Views */,
				635E59E9292CFD3E0015FB09 /* Assets.xcassets */,
				635E59EB292CFD3E0015FB09 /* Preview Content */,
			);
			path = 20221115_homwork_FruitMarket;
			sourceTree = "<group>";
		};
		635E59EB292CFD3E0015FB09 /* Preview Content */ = {
			isa = PBXGroup;
			children = (
				635E59EC292CFD3E0015FB09 /* Preview Assets.xcassets */,
			);
			path = "Preview Content";
			sourceTree = "<group>";
		};
/* End PBXGroup section */

/* Begin PBXNativeTarget section */
		635E59E1292CFD3D0015FB09 /* 20221115_homwork_FruitMarket */ = {
			isa = PBXNativeTarget;
			buildConfigurationList = 635E59F0292CFD3E0015FB09 /* Build configuration list for PBXNativeTarget "20221115_homwork_FruitMarket" */;
			buildPhases = (
				635E59DE292CFD3D0015FB09 /* Sources */,
				635E59DF292CFD3D0015FB09 /* Frameworks */,
				635E59E0292CFD3D0015FB09 /* Resources */,
			);
			buildRules = (
			);
			dependencies = (
			);
			name = 20221115_homwork_FruitMarket;
			productName = 20221115_homwork_FruitMarket;
			productReference = 635E59E2292CFD3D0015FB09 /* 20221115_homwork_FruitMarket.app */;
			productType = "com.apple.product-type.application";
		};
/* End PBXNativeTarget section */

/* Begin PBXProject section */
		635E59DA292CFD3D0015FB09 /* Project object */ = {
			isa = PBXProject;
			attributes = {
				BuildIndependentTargetsInParallel = 1;
				LastSwiftUpdateCheck = 1410;
				LastUpgradeCheck = 1410;
				TargetAttributes = {
					635E59E1292CFD3D0015FB09 = {
						CreatedOnToolsVersion = 14.1;
					};
				};
			};
			buildConfigurationList = 635E59DD292CFD3D0015FB09 /* Build configuration list for PBXProject "20221115_homwork_FruitMarket" */;
			compatibilityVersion = "Xcode 14.0";
			developmentRegion = en;
			hasScannedForEncodings = 0;
			knownRegions = (
				en,
				Base,
			);
			mainGroup = 635E59D9292CFD3D0015FB09;
			productRefGroup = 635E59E3292CFD3D0015FB09 /* Products */;
			projectDirPath = "";
			projectRoot = "";
			targets = (
				635E59E1292CFD3D0015FB09 /* 20221115_homwork_FruitMarket */,
			);
		};
/* End PBXProject section */

/* Begin PBXResourcesBuildPhase section */
		635E59E0292CFD3D0015FB09 /* Resources */ = {
			isa = PBXResourcesBuildPhase;
			buildActionMask = 2147483647;
			files = (
				635E59ED292CFD3E0015FB09 /* Preview Assets.xcassets in Resources */,
				6331F3F729362322004F879E /* FruitsData.json in Resources */,
				635E59EA292CFD3E0015FB09 /* Assets.xcassets in Resources */,
			);
			runOnlyForDeploymentPostprocessing = 0;
		};
/* End PBXResourcesBuildPhase section */

/* Begin PBXSourcesBuildPhase section */
		635E59DE292CFD3D0015FB09 /* Sources */ = {
			isa = PBXSourcesBuildPhase;
			buildActionMask = 2147483647;
			files = (
				6331F40029362A37004F879E /* FruitsRow.swift in Sources */,
				6331F3FA29362341004F879E /* Fruits.swift in Sources */,
				6331F3F1293620F0004F879E /* FruitMarkTabView.swift in Sources */,
				635E59E8292CFD3D0015FB09 /* ContentView.swift in Sources */,
				6331F3EF29362000004F879E /* CircleImage.swift in Sources */,
				6331F3F429362169004F879E /* HomeView.swift in Sources */,
				6331F3FC29362452004F879E /* ModelData.swift in Sources */,
				6331F4032936313F004F879E /* MyPageView.swift in Sources */,
				6331F3ED29361F53004F879E /* FavoritesScrollView.swift in Sources */,
				635E59E6292CFD3D0015FB09 /* _0221115_homwork_FruitMarketApp.swift in Sources */,
			);
			runOnlyForDeploymentPostprocessing = 0;
		};
/* End PBXSourcesBuildPhase section */

/* Begin XCBuildConfiguration section */
		635E59EE292CFD3E0015FB09 /* Debug */ = {
			isa = XCBuildConfiguration;
			buildSettings = {
				ALWAYS_SEARCH_USER_PATHS = NO;
				CLANG_ANALYZER_NONNULL = YES;
				CLANG_ANALYZER_NUMBER_OBJECT_CONVERSION = YES_AGGRESSIVE;
				CLANG_CXX_LANGUAGE_STANDARD = "gnu++20";
				CLANG_ENABLE_MODULES = YES;
				CLANG_ENABLE_OBJC_ARC = YES;
				CLANG_ENABLE_OBJC_WEAK = YES;
				CLANG_WARN_BLOCK_CAPTURE_AUTORELEASING = YES;
				CLANG_WARN_BOOL_CONVERSION = YES;
				CLANG_WARN_COMMA = YES;
				CLANG_WARN_CONSTANT_CONVERSION = YES;
				CLANG_WARN_DEPRECATED_OBJC_IMPLEMENTATIONS = YES;
				CLANG_WARN_DIRECT_OBJC_ISA_USAGE = YES_ERROR;
				CLANG_WARN_DOCUMENTATION_COMMENTS = YES;
				CLANG_WARN_EMPTY_BODY = YES;
				CLANG_WARN_ENUM_CONVERSION = YES;
				CLANG_WARN_INFINITE_RECURSION = YES;
				CLANG_WARN_INT_CONVERSION = YES;
				CLANG_WARN_NON_LITERAL_NULL_CONVERSION = YES;
				CLANG_WARN_OBJC_IMPLICIT_RETAIN_SELF = YES;
				CLANG_WARN_OBJC_LITERAL_CONVERSION = YES;
				CLANG_WARN_OBJC_ROOT_CLASS = YES_ERROR;
				CLANG_WARN_QUOTED_INCLUDE_IN_FRAMEWORK_HEADER = YES;
				CLANG_WARN_RANGE_LOOP_ANALYSIS = YES;
				CLANG_WARN_STRICT_PROTOTYPES = YES;
				CLANG_WARN_SUSPICIOUS_MOVE = YES;
				CLANG_WARN_UNGUARDED_AVAILABILITY = YES_AGGRESSIVE;
				CLANG_WARN_UNREACHABLE_CODE = YES;
				CLANG_WARN__DUPLICATE_METHOD_MATCH = YES;
				COPY_PHASE_STRIP = NO;
				DEBUG_INFORMATION_FORMAT = dwarf;
				ENABLE_STRICT_OBJC_MSGSEND = YES;
				ENABLE_TESTABILITY = YES;
				GCC_C_LANGUAGE_STANDARD = gnu11;
				GCC_DYNAMIC_NO_PIC = NO;
				GCC_NO_COMMON_BLOCKS = YES;
				GCC_OPTIMIZATION_LEVEL = 0;
				GCC_PREPROCESSOR_DEFINITIONS = (
					"DEBUG=1",
					"$(inherited)",
				);
				GCC_WARN_64_TO_32_BIT_CONVERSION = YES;
				GCC_WARN_ABOUT_RETURN_TYPE = YES_ERROR;
				GCC_WARN_UNDECLARED_SELECTOR = YES;
				GCC_WARN_UNINITIALIZED_AUTOS = YES_AGGRESSIVE;
				GCC_WARN_UNUSED_FUNCTION = YES;
				GCC_WARN_UNUSED_VARIABLE = YES;
				IPHONEOS_DEPLOYMENT_TARGET = 16.1;
				MTL_ENABLE_DEBUG_INFO = INCLUDE_SOURCE;
				MTL_FAST_MATH = YES;
				ONLY_ACTIVE_ARCH = YES;
				SDKROOT = iphoneos;
				SWIFT_ACTIVE_COMPILATION_CONDITIONS = DEBUG;
				SWIFT_OPTIMIZATION_LEVEL = "-Onone";
			};
			name = Debug;
		};
		635E59EF292CFD3E0015FB09 /* Release */ = {
			isa = XCBuildConfiguration;
			buildSettings = {
				ALWAYS_SEARCH_USER_PATHS = NO;
				CLANG_ANALYZER_NONNULL = YES;
				CLANG_ANALYZER_NUMBER_OBJECT_CONVERSION = YES_AGGRESSIVE;
				CLANG_CXX_LANGUAGE_STANDARD = "gnu++20";
				CLANG_ENABLE_MODULES = YES;
				CLANG_ENABLE_OBJC_ARC = YES;
				CLANG_ENABLE_OBJC_WEAK = YES;
				CLANG_WARN_BLOCK_CAPTURE_AUTORELEASING = YES;
				CLANG_WARN_BOOL_CONVERSION = YES;
				CLANG_WARN_COMMA = YES;
				CLANG_WARN_CONSTANT_CONVERSION = YES;
				CLANG_WARN_DEPRECATED_OBJC_IMPLEMENTATIONS = YES;
				CLANG_WARN_DIRECT_OBJC_ISA_USAGE = YES_ERROR;
				CLANG_WARN_DOCUMENTATION_COMMENTS = YES;
				CLANG_WARN_EMPTY_BODY = YES;
				CLANG_WARN_ENUM_CONVERSION = YES;
				CLANG_WARN_INFINITE_RECURSION = YES;
				CLANG_WARN_INT_CONVERSION = YES;
				CLANG_WARN_NON_LITERAL_NULL_CONVERSION = YES;
				CLANG_WARN_OBJC_IMPLICIT_RETAIN_SELF = YES;
				CLANG_WARN_OBJC_LITERAL_CONVERSION = YES;
				CLANG_WARN_OBJC_ROOT_CLASS = YES_ERROR;
				CLANG_WARN_QUOTED_INCLUDE_IN_FRAMEWORK_HEADER = YES;
				CLANG_WARN_RANGE_LOOP_ANALYSIS = YES;
				CLANG_WARN_STRICT_PROTOTYPES = YES;
				CLANG_WARN_SUSPICIOUS_MOVE = YES;
				CLANG_WARN_UNGUARDED_AVAILABILITY = YES_AGGRESSIVE;
				CLANG_WARN_UNREACHABLE_CODE = YES;
				CLANG_WARN__DUPLICATE_METHOD_MATCH = YES;
				COPY_PHASE_STRIP = NO;
				DEBUG_INFORMATION_FORMAT = "dwarf-with-dsym";
				ENABLE_NS_ASSERTIONS = NO;
				ENABLE_STRICT_OBJC_MSGSEND = YES;
				GCC_C_LANGUAGE_STANDARD = gnu11;
				GCC_NO_COMMON_BLOCKS = YES;
				GCC_WARN_64_TO_32_BIT_CONVERSION = YES;
				GCC_WARN_ABOUT_RETURN_TYPE = YES_ERROR;
				GCC_WARN_UNDECLARED_SELECTOR = YES;
				GCC_WARN_UNINITIALIZED_AUTOS = YES_AGGRESSIVE;
				GCC_WARN_UNUSED_FUNCTION = YES;
				GCC_WARN_UNUSED_VARIABLE = YES;
				IPHONEOS_DEPLOYMENT_TARGET = 16.1;
				MTL_ENABLE_DEBUG_INFO = NO;
				MTL_FAST_MATH = YES;
				SDKROOT = iphoneos;
				SWIFT_COMPILATION_MODE = wholemodule;
				SWIFT_OPTIMIZATION_LEVEL = "-O";
				VALIDATE_PRODUCT = YES;
			};
			name = Release;
		};
		635E59F1292CFD3E0015FB09 /* Debug */ = {
			isa = XCBuildConfiguration;
			buildSettings = {
				ASSETCATALOG_COMPILER_APPICON_NAME = AppIcon;
				ASSETCATALOG_COMPILER_GLOBAL_ACCENT_COLOR_NAME = AccentColor;
				CODE_SIGN_STYLE = Automatic;
				CURRENT_PROJECT_VERSION = 1;
				DEVELOPMENT_ASSET_PATHS = "\"20221115_homwork_FruitMarket/Preview Content\"";
				DEVELOPMENT_TEAM = QJ9LBR5S7P;
				ENABLE_PREVIEWS = YES;
				GENERATE_INFOPLIST_FILE = YES;
				INFOPLIST_KEY_UIApplicationSceneManifest_Generation = YES;
				INFOPLIST_KEY_UIApplicationSupportsIndirectInputEvents = YES;
				INFOPLIST_KEY_UILaunchScreen_Generation = YES;
				INFOPLIST_KEY_UISupportedInterfaceOrientations_iPad = "UIInterfaceOrientationPortrait UIInterfaceOrientationPortraitUpsideDown UIInterfaceOrientationLandscapeLeft UIInterfaceOrientationLandscapeRight";
				INFOPLIST_KEY_UISupportedInterfaceOrientations_iPhone = "UIInterfaceOrientationPortrait UIInterfaceOrientationLandscapeLeft UIInterfaceOrientationLandscapeRight";
				LD_RUNPATH_SEARCH_PATHS = (
					"$(inherited)",
					"@executable_path/Frameworks",
				);
				MARKETING_VERSION = 1.0;
				PRODUCT_BUNDLE_IDENTIFIER = "erun.-0221115-homwork-FruitMarket";
				PRODUCT_NAME = "$(TARGET_NAME)";
				SWIFT_EMIT_LOC_STRINGS = YES;
				SWIFT_VERSION = 5.0;
				TARGETED_DEVICE_FAMILY = "1,2";
			};
			name = Debug;
		};
		635E59F2292CFD3E0015FB09 /* Release */ = {
			isa = XCBuildConfiguration;
			buildSettings = {
				ASSETCATALOG_COMPILER_APPICON_NAME = AppIcon;
				ASSETCATALOG_COMPILER_GLOBAL_ACCENT_COLOR_NAME = AccentColor;
				CODE_SIGN_STYLE = Automatic;
				CURRENT_PROJECT_VERSION = 1;
				DEVELOPMENT_ASSET_PATHS = "\"20221115_homwork_FruitMarket/Preview Content\"";
				DEVELOPMENT_TEAM = QJ9LBR5S7P;
				ENABLE_PREVIEWS = YES;
				GENERATE_INFOPLIST_FILE = YES;
				INFOPLIST_KEY_UIApplicationSceneManifest_Generation = YES;
				INFOPLIST_KEY_UIApplicationSupportsIndirectInputEvents = YES;
				INFOPLIST_KEY_UILaunchScreen_Generation = YES;
				INFOPLIST_KEY_UISupportedInterfaceOrientations_iPad = "UIInterfaceOrientationPortrait UIInterfaceOrientationPortraitUpsideDown UIInterfaceOrientationLandscapeLeft UIInterfaceOrientationLandscapeRight";
				INFOPLIST_KEY_UISupportedInterfaceOrientations_iPhone = "UIInterfaceOrientationPortrait UIInterfaceOrientationLandscapeLeft UIInterfaceOrientationLandscapeRight";
				LD_RUNPATH_SEARCH_PATHS = (
					"$(inherited)",
					"@executable_path/Frameworks",
				);
				MARKETING_VERSION = 1.0;
				PRODUCT_BUNDLE_IDENTIFIER = "erun.-0221115-homwork-FruitMarket";
				PRODUCT_NAME = "$(TARGET_NAME)";
				SWIFT_EMIT_LOC_STRINGS = YES;
				SWIFT_VERSION = 5.0;
				TARGETED_DEVICE_FAMILY = "1,2";
			};
			name = Release;
		};
/* End XCBuildConfiguration section */

/* Begin XCConfigurationList section */
		635E59DD292CFD3D0015FB09 /* Build configuration list for PBXProject "20221115_homwork_FruitMarket" */ = {
			isa = XCConfigurationList;
			buildConfigurations = (
				635E59EE292CFD3E0015FB09 /* Debug */,
				635E59EF292CFD3E0015FB09 /* Release */,
			);
			defaultConfigurationIsVisible = 0;
			defaultConfigurationName = Release;
		};
		635E59F0292CFD3E0015FB09 /* Build configuration list for PBXNativeTarget "20221115_homwork_FruitMarket" */ = {
			isa = XCConfigurationList;
			buildConfigurations = (
				635E59F1292CFD3E0015FB09 /* Debug */,
				635E59F2292CFD3E0015FB09 /* Release */,
			);
			defaultConfigurationIsVisible = 0;
			defaultConfigurationName = Release;
		};
/* End XCConfigurationList section */
	};
	rootObject = 635E59DA292CFD3D0015FB09 /* Project object */;
}
